// !$*UTF8*$!
{
	archiveVersion = 1;
	classes = {
	};
	objectVersion = 48;
	objects = {

/* Begin PBXBuildFile section */
		185C87AD2036402D003E3812 /* AppDelegate.swift in Sources */ = {isa = PBXBuildFile; fileRef = 185C87AC2036402D003E3812 /* AppDelegate.swift */; };
		185C87AF2036402D003E3812 /* ViewController.swift in Sources */ = {isa = PBXBuildFile; fileRef = 185C87AE2036402D003E3812 /* ViewController.swift */; };
		185C87B22036402D003E3812 /* Main.storyboard in Resources */ = {isa = PBXBuildFile; fileRef = 185C87B02036402D003E3812 /* Main.storyboard */; };
		185C87B42036402D003E3812 /* Assets.xcassets in Resources */ = {isa = PBXBuildFile; fileRef = 185C87B32036402D003E3812 /* Assets.xcassets */; };
		185C87B72036402D003E3812 /* LaunchScreen.storyboard in Resources */ = {isa = PBXBuildFile; fileRef = 185C87B52036402D003E3812 /* LaunchScreen.storyboard */; };
		185C87BF20364087003E3812 /* Resnet50.mlmodel in Sources */ = {isa = PBXBuildFile; fileRef = 185C87BE20364086003E3812 /* Resnet50.mlmodel */; };
		185C87C120364494003E3812 /* Not_available.jpg in Resources */ = {isa = PBXBuildFile; fileRef = 185C87C020364494003E3812 /* Not_available.jpg */; };
/* End PBXBuildFile section */

/* Begin PBXFileReference section */
		185C87A92036402D003E3812 /* ImageRecognitionML.app */ = {isa = PBXFileReference; explicitFileType = wrapper.application; includeInIndex = 0; path = ImageRecognitionML.app; sourceTree = BUILT_PRODUCTS_DIR; };
		185C87AC2036402D003E3812 /* AppDelegate.swift */ = {isa = PBXFileReference; lastKnownFileType = sourcecode.swift; path = AppDelegate.swift; sourceTree = "<group>"; };
		185C87AE2036402D003E3812 /* ViewController.swift */ = {isa = PBXFileReference; lastKnownFileType = sourcecode.swift; path = ViewController.swift; sourceTree = "<group>"; };
		185C87B12036402D003E3812 /* Base */ = {isa = PBXFileReference; lastKnownFileType = file.storyboard; name = Base; path = Base.lproj/Main.storyboard; sourceTree = "<group>"; };
		185C87B32036402D003E3812 /* Assets.xcassets */ = {isa = PBXFileReference; lastKnownFileType = folder.assetcatalog; path = Assets.xcassets; sourceTree = "<group>"; };
		185C87B62036402D003E3812 /* Base */ = {isa = PBXFileReference; lastKnownFileType = file.storyboard; name = Base; path = Base.lproj/LaunchScreen.storyboard; sourceTree = "<group>"; };
		185C87B82036402D003E3812 /* Info.plist */ = {isa = PBXFileReference; lastKnownFileType = text.plist.xml; path = Info.plist; sourceTree = "<group>"; };
		185C87BE20364086003E3812 /* Resnet50.mlmodel */ = {isa = PBXFileReference; lastKnownFileType = file.mlmodel; path = Resnet50.mlmodel; sourceTree = "<group>"; };
		185C87C020364494003E3812 /* Not_available.jpg */ = {isa = PBXFileReference; lastKnownFileType = image.jpeg; path = Not_available.jpg; sourceTree = "<group>"; };
/* End PBXFileReference section */

/* Begin PBXFrameworksBuildPhase section */
		185C87A62036402D003E3812 /* Frameworks */ = {
			isa = PBXFrameworksBuildPhase;
			buildActionMask = 2147483647;
			files = (
			);
			runOnlyForDeploymentPostprocessing = 0;
		};
/* End PBXFrameworksBuildPhase section */

/* Begin PBXGroup section */
		185C87A02036402D003E3812 = {
			isa = PBXGroup;
			children = (
				185C87AB2036402D003E3812 /* ImageRecognitionML */,
				185C87AA2036402D003E3812 /* Products */,
			);
			sourceTree = "<group>";
		};
		185C87AA2036402D003E3812 /* Products */ = {
			isa = PBXGroup;
			children = (
				185C87A92036402D003E3812 /* ImageRecognitionML.app */,
			);
			name = Products;
			sourceTree = "<group>";
		};
		185C87AB2036402D003E3812 /* ImageRecognitionML */ = {
			isa = PBXGroup;
			children = (
				185C87BE20364086003E3812 /* Resnet50.mlmodel */,
				185C87AC2036402D003E3812 /* AppDelegate.swift */,
				185C87AE2036402D003E3812 /* ViewController.swift */,
				185C87B02036402D003E3812 /* Main.storyboard */,
				185C87B32036402D003E3812 /* Assets.xcassets */,
				185C87B52036402D003E3812 /* LaunchScreen.storyboard */,
				185C87B82036402D003E3812 /* Info.plist */,
				185C87C020364494003E3812 /* Not_available.jpg */,
			);
			path = ImageRecognitionML;
			sourceTree = "<group>";
		};
/* End PBXGroup section */

/* Begin PBXNativeTarget section */
		185C87A82036402D003E3812 /* ImageRecognitionML */ = {
			isa = PBXNativeTarget;
			buildConfigurationList = 185C87BB2036402D003E3812 /* Build configuration list for PBXNativeTarget "ImageRecognitionML" */;
			buildPhases = (
				185C87A52036402D003E3812 /* Sources */,
				185C87A62036402D003E3812 /* Frameworks */,
				185C87A72036402D003E3812 /* Resources */,
			);
			buildRules = (
			);
			dependencies = (
			);
			name = ImageRecognitionML;
			productName = ImageRecognitionML;
			productReference = 185C87A92036402D003E3812 /* ImageRecognitionML.app */;
			productType = "com.apple.product-type.application";
		};
/* End PBXNativeTarget section */

/* Begin PBXProject section */
		185C87A12036402D003E3812 /* Project object */ = {
			isa = PBXProject;
			attributes = {
				LastSwiftUpdateCheck = 0920;
				LastUpgradeCheck = 0920;
				ORGANIZATIONNAME = "Ali Safakli";
				TargetAttributes = {
					185C87A82036402D003E3812 = {
						CreatedOnToolsVersion = 9.2;
						ProvisioningStyle = Automatic;
					};
				};
			};
			buildConfigurationList = 185C87A42036402D003E3812 /* Build configuration list for PBXProject "ImageRecognitionML" */;
			compatibilityVersion = "Xcode 8.0";
			developmentRegion = en;
			hasScannedForEncodings = 0;
			knownRegions = (
				en,
				Base,
			);
			mainGroup = 185C87A02036402D003E3812;
			productRefGroup = 185C87AA2036402D003E3812 /* Products */;
			projectDirPath = "";
			projectRoot = "";
			targets = (
				185C87A82036402D003E3812 /* ImageRecognitionML */,
			);
		};
/* End PBXProject section */

/* Begin PBXResourcesBuildPhase section */
		185C87A72036402D003E3812 /* Resources */ = {
			isa = PBXResourcesBuildPhase;
			buildActionMask = 2147483647;
			files = (
				185C87B72036402D003E3812 /* LaunchScreen.storyboard in Resources */,
				185C87C120364494003E3812 /* Not_available.jpg in Resources */,
				185C87B42036402D003E3812 /* Assets.xcassets in Resources */,
				185C87B22036402D003E3812 /* Main.storyboard in Resources */,
			);
			runOnlyForDeploymentPostprocessing = 0;
		};
/* End PBXResourcesBuildPhase section */

/* Begin PBXSourcesBuildPhase section */
		185C87A52036402D003E3812 /* Sources */ = {
			isa = PBXSourcesBuildPhase;
			buildActionMask = 2147483647;
			files = (
				185C87AF2036402D003E3812 /* ViewController.swift in Sources */,
				185C87BF20364087003E3812 /* Resnet50.mlmodel in Sources */,
				185C87AD2036402D003E3812 /* AppDelegate.swift in Sources */,
			);
			runOnlyForDeploymentPostprocessing = 0;
		};
/* End PBXSourcesBuildPhase section */

/* Begin PBXVariantGroup section */
		185C87B02036402D003E3812 /* Main.storyboard */ = {
			isa = PBXVariantGroup;
			children = (
				185C87B12036402D003E3812 /* Base */,
			);
			name = Main.storyboard;
			sourceTree = "<group>";
		};
		185C87B52036402D003E3812 /* LaunchScreen.storyboard */ = {
			isa = PBXVariantGroup;
			children = (
				185C87B62036402D003E3812 /* Base */,
			);
			name = LaunchScreen.storyboard;
			sourceTree = "<group>";
		};
/* End PBXVariantGroup section */

/* Begin XCBuildConfiguration section */
		185C87B92036402D003E3812 /* Debug */ = {
			isa = XCBuildConfiguration;
			buildSettings = {
				ALWAYS_SEARCH_USER_PATHS = NO;
				CLANG_ANALYZER_NONNULL = YES;
				CLANG_ANALYZER_NUMBER_OBJECT_CONVERSION = YES_AGGRESSIVE;
				CLANG_CXX_LANGUAGE_STANDARD = "gnu++14";
				CLANG_CXX_LIBRARY = "libc++";
				CLANG_ENABLE_MODULES = YES;
				CLANG_ENABLE_OBJC_ARC = YES;
				CLANG_WARN_BLOCK_CAPTURE_AUTORELEASING = YES;
				CLANG_WARN_BOOL_CONVERSION = YES;
				CLANG_WARN_COMMA = YES;
				CLANG_WARN_CONSTANT_CONVERSION = YES;
				CLANG_WARN_DIRECT_OBJC_ISA_USAGE = YES_ERROR;
				CLANG_WARN_DOCUMENTATION_COMMENTS = YES;
				CLANG_WARN_EMPTY_BODY = YES;
				CLANG_WARN_ENUM_CONVERSION = YES;
				CLANG_WARN_INFINITE_RECURSION = YES;
				CLANG_WARN_INT_CONVERSION = YES;
				CLANG_WARN_NON_LITERAL_NULL_CONVERSION = YES;
				CLANG_WARN_OBJC_LITERAL_CONVERSION = YES;
				CLANG_WARN_OBJC_ROOT_CLASS = YES_ERROR;
				CLANG_WARN_RANGE_LOOP_ANALYSIS = YES;
				CLANG_WARN_STRICT_PROTOTYPES = YES;
				CLANG_WARN_SUSPICIOUS_MOVE = YES;
				CLANG_WARN_UNGUARDED_AVAILABILITY = YES_AGGRESSIVE;
				CLANG_WARN_UNREACHABLE_CODE = YES;
				CLANG_WARN__DUPLICATE_METHOD_MATCH = YES;
				CODE_SIGN_IDENTITY = "iPhone Developer";
				COPY_PHASE_STRIP = NO;
				DEBUG_INFORMATION_FORMAT = dwarf;
				ENABLE_STRICT_OBJC_MSGSEND = YES;
				ENABLE_TESTABILITY = YES;
				GCC_C_LANGUAGE_STANDARD = gnu11;
				GCC_DYNAMIC_NO_PIC = NO;
				GCC_NO_COMMON_BLOCKS = YES;
				GCC_OPTIMIZATION_LEVEL = 0;
				GCC_PREPROCESSOR_DEFINITIONS = (
					"DEBUG=1",
					"$(inherited)",
				);
				GCC_WARN_64_TO_32_BIT_CONVERSION = YES;
				GCC_WARN_ABOUT_RETURN_TYPE = YES_ERROR;
				GCC_WARN_UNDECLARED_SELECTOR = YES;
				GCC_WARN_UNINITIALIZED_AUTOS = YES_AGGRESSIVE;
				GCC_WARN_UNUSED_FUNCTION = YES;
				GCC_WARN_UNUSED_VARIABLE = YES;
				IPHONEOS_DEPLOYMENT_TARGET = 11.2;
				MTL_ENABLE_DEBUG_INFO = YES;
				ONLY_ACTIVE_ARCH = YES;
				SDKROOT = iphoneos;
				SWIFT_ACTIVE_COMPILATION_CONDITIONS = DEBUG;
				SWIFT_OPTIMIZATION_LEVEL = "-Onone";
			};
			name = Debug;
		};
		185C87BA2036402D003E3812 /* Release */ = {
			isa = XCBuildConfiguration;
			buildSettings = {
				ALWAYS_SEARCH_USER_PATHS = NO;
				CLANG_ANALYZER_NONNULL = YES;
				CLANG_ANALYZER_NUMBER_OBJECT_CONVERSION = YES_AGGRESSIVE;
				CLANG_CXX_LANGUAGE_STANDARD = "gnu++14";
				CLANG_CXX_LIBRARY = "libc++";
				CLANG_ENABLE_MODULES = YES;
				CLANG_ENABLE_OBJC_ARC = YES;
				CLANG_WARN_BLOCK_CAPTURE_AUTORELEASING = YES;
				CLANG_WARN_BOOL_CONVERSION = YES;
				CLANG_WARN_COMMA = YES;
				CLANG_WARN_CONSTANT_CONVERSION = YES;
				CLANG_WARN_DIRECT_OBJC_ISA_USAGE = YES_ERROR;
				CLANG_WARN_DOCUMENTATION_COMMENTS = YES;
				CLANG_WARN_EMPTY_BODY = YES;
				CLANG_WARN_ENUM_CONVERSION = YES;
				CLANG_WARN_INFINITE_RECURSION = YES;
				CLANG_WARN_INT_CONVERSION = YES;
				CLANG_WARN_NON_LITERAL_NULL_CONVERSION = YES;
				CLANG_WARN_OBJC_LITERAL_CONVERSION = YES;
				CLANG_WARN_OBJC_ROOT_CLASS = YES_ERROR;
				CLANG_WARN_RANGE_LOOP_ANALYSIS = YES;
				CLANG_WARN_STRICT_PROTOTYPES = YES;
				CLANG_WARN_SUSPICIOUS_MOVE = YES;
				CLANG_WARN_UNGUARDED_AVAILABILITY = YES_AGGRESSIVE;
				CLANG_WARN_UNREACHABLE_CODE = YES;
				CLANG_WARN__DUPLICATE_METHOD_MATCH = YES;
				CODE_SIGN_IDENTITY = "iPhone Developer";
				COPY_PHASE_STRIP = NO;
				DEBUG_INFORMATION_FORMAT = "dwarf-with-dsym";
				ENABLE_NS_ASSERTIONS = NO;
				ENABLE_STRICT_OBJC_MSGSEND = YES;
				GCC_C_LANGUAGE_STANDARD = gnu11;
				GCC_NO_COMMON_BLOCKS = YES;
				GCC_WARN_64_TO_32_BIT_CONVERSION = YES;
				GCC_WARN_ABOUT_RETURN_TYPE = YES_ERROR;
				GCC_WARN_UNDECLARED_SELECTOR = YES;
				GCC_WARN_UNINITIALIZED_AUTOS = YES_AGGRESSIVE;
				GCC_WARN_UNUSED_FUNCTION = YES;
				GCC_WARN_UNUSED_VARIABLE = YES;
				IPHONEOS_DEPLOYMENT_TARGET = 11.2;
				MTL_ENABLE_DEBUG_INFO = NO;
				SDKROOT = iphoneos;
				SWIFT_OPTIMIZATION_LEVEL = "-Owholemodule";
				VALIDATE_PRODUCT = YES;
			};
			name = Release;
		};
		185C87BC2036402D003E3812 /* Debug */ = {
			isa = XCBuildConfiguration;
			buildSettings = {
				ASSETCATALOG_COMPILER_APPICON_NAME = AppIcon;
				CODE_SIGN_STYLE = Automatic;
				DEVELOPMENT_TEAM = ZLNL3U6LZ6;
				INFOPLIST_FILE = ImageRecognitionML/Info.plist;
				LD_RUNPATH_SEARCH_PATHS = "$(inherited) @executable_path/Frameworks";
				PRODUCT_BUNDLE_IDENTIFIER = com.safakli.ImageRecognitionML;
				PRODUCT_NAME = "$(TARGET_NAME)";
				SWIFT_VERSION = 4.0;
				TARGETED_DEVICE_FAMILY = "1,2";
			};
			name = Debug;
		};
		185C87BD2036402D003E3812 /* Release */ = {
			isa = XCBuildConfiguration;
			buildSettings = {
				ASSETCATALOG_COMPILER_APPICON_NAME = AppIcon;
				CODE_SIGN_STYLE = Automatic;
				DEVELOPMENT_TEAM = ZLNL3U6LZ6;
				INFOPLIST_FILE = ImageRecognitionML/Info.plist;
				LD_RUNPATH_SEARCH_PATHS = "$(inherited) @executable_path/Frameworks";
				PRODUCT_BUNDLE_IDENTIFIER = com.safakli.ImageRecognitionML;
				PRODUCT_NAME = "$(TARGET_NAME)";
				SWIFT_VERSION = 4.0;
				TARGETED_DEVICE_FAMILY = "1,2";
			};
			name = Release;
		};
/* End XCBuildConfiguration section */

/* Begin XCConfigurationList section */
		185C87A42036402D003E3812 /* Build configuration list for PBXProject "ImageRecognitionML" */ = {
			isa = XCConfigurationList;
			buildConfigurations = (
				185C87B92036402D003E3812 /* Debug */,
				185C87BA2036402D003E3812 /* Release */,
			);
			defaultConfigurationIsVisible = 0;
			defaultConfigurationName = Release;
		};
		185C87BB2036402D003E3812 /* Build configuration list for PBXNativeTarget "ImageRecognitionML" */ = {
			isa = XCConfigurationList;
			buildConfigurations = (
				185C87BC2036402D003E3812 /* Debug */,
				185C87BD2036402D003E3812 /* Release */,
			);
			defaultConfigurationIsVisible = 0;
			defaultConfigurationName = Release;
		};
/* End XCConfigurationList section */
	};
	rootObject = 185C87A12036402D003E3812 /* Project object */;
}
